{
  "originHash" : "e62cfdf980a6aed55d743184d1e705518c7bb77572d7b066ea9c952b3758d882",
  "pins" : [
    {
      "identity" : "xestitools",
      "kind" : "remoteSourceControl",
      "location" : "https://github.com/eBardX/XestiTools.git",
      "state" : {
        "revision" : "862a2b5d4b5c24147822bbd535dd2f1691fdbfa2",
        "version" : "9.0.0"
      }
    }
  ],
  "version" : 3
}
