{
  "originHash" : "e62cfdf980a6aed55d743184d1e705518c7bb77572d7b066ea9c952b3758d882",
  "pins" : [
    {
      "identity" : "xestitools",
      "kind" : "remoteSourceControl",
      "location" : "https://github.com/eBardX/XestiTools.git",
      "state" : {
        "revision" : "05991497b8c7cb5ccfd4c9440c5b8548f6989ab3",
        "version" : "9.1.0"
      }
    }
  ],
  "version" : 3
}
