{
  "originHash" : "db186a63ba61df39afa1cabba2e692c17d0e38be4a1ed1a3ebe6056eba9d302b",
  "pins" : [
    {
      "identity" : "xestitools",
      "kind" : "remoteSourceControl",
      "location" : "https://github.com/eBardX/XestiTools.git",
      "state" : {
        "revision" : "35a4c43dde224aadcadad66dac7a35104537694d",
        "version" : "10.0.0"
      }
    }
  ],
  "version" : 3
}
